// !$*UTF8*$!
{
	archiveVersion = 1;
	classes = {
	};
	objectVersion = 56;
	objects = {

/* Begin PBXBuildFile section */
		E456F5BE2D0DA62C0058F6F0 /* Bank_TechApp.swift in Sources */ = {isa = PBXBuildFile; fileRef = E456F5BD2D0DA62C0058F6F0 /* Bank_TechApp.swift */; };
		E456F5C02D0DA62C0058F6F0 /* ContentView.swift in Sources */ = {isa = PBXBuildFile; fileRef = E456F5BF2D0DA62C0058F6F0 /* ContentView.swift */; };
		E456F5C22D0DA62E0058F6F0 /* Assets.xcassets in Resources */ = {isa = PBXBuildFile; fileRef = E456F5C12D0DA62E0058F6F0 /* Assets.xcassets */; };
		E456F5C62D0DA62E0058F6F0 /* Preview Assets.xcassets in Resources */ = {isa = PBXBuildFile; fileRef = E456F5C52D0DA62E0058F6F0 /* Preview Assets.xcassets */; };
		E456F5D02D0DA62F0058F6F0 /* Bank_TechTests.swift in Sources */ = {isa = PBXBuildFile; fileRef = E456F5CF2D0DA62F0058F6F0 /* Bank_TechTests.swift */; };
		E456F5DA2D0DA62F0058F6F0 /* Bank_TechUITests.swift in Sources */ = {isa = PBXBuildFile; fileRef = E456F5D92D0DA62F0058F6F0 /* Bank_TechUITests.swift */; };
		E456F5DC2D0DA62F0058F6F0 /* Bank_TechUITestsLaunchTests.swift in Sources */ = {isa = PBXBuildFile; fileRef = E456F5DB2D0DA62F0058F6F0 /* Bank_TechUITestsLaunchTests.swift */; };
/* End PBXBuildFile section */

/* Begin PBXContainerItemProxy section */
		E456F5CC2D0DA62F0058F6F0 /* PBXContainerItemProxy */ = {
			isa = PBXContainerItemProxy;
			containerPortal = E456F5B22D0DA62C0058F6F0 /* Project object */;
			proxyType = 1;
			remoteGlobalIDString = E456F5B92D0DA62C0058F6F0;
			remoteInfo = "Bank Tech";
		};
		E456F5D62D0DA62F0058F6F0 /* PBXContainerItemProxy */ = {
			isa = PBXContainerItemProxy;
			containerPortal = E456F5B22D0DA62C0058F6F0 /* Project object */;
			proxyType = 1;
			remoteGlobalIDString = E456F5B92D0DA62C0058F6F0;
			remoteInfo = "Bank Tech";
		};
/* End PBXContainerItemProxy section */

/* Begin PBXFileReference section */
		E456F5BA2D0DA62C0058F6F0 /* Bank Tech.app */ = {isa = PBXFileReference; explicitFileType = wrapper.application; includeInIndex = 0; path = "Bank Tech.app"; sourceTree = BUILT_PRODUCTS_DIR; };
		E456F5BD2D0DA62C0058F6F0 /* Bank_TechApp.swift */ = {isa = PBXFileReference; lastKnownFileType = sourcecode.swift; path = Bank_TechApp.swift; sourceTree = "<group>"; };
		E456F5BF2D0DA62C0058F6F0 /* ContentView.swift */ = {isa = PBXFileReference; lastKnownFileType = sourcecode.swift; path = ContentView.swift; sourceTree = "<group>"; };
		E456F5C12D0DA62E0058F6F0 /* Assets.xcassets */ = {isa = PBXFileReference; lastKnownFileType = folder.assetcatalog; path = Assets.xcassets; sourceTree = "<group>"; };
		E456F5C32D0DA62E0058F6F0 /* Bank_Tech.entitlements */ = {isa = PBXFileReference; lastKnownFileType = text.plist.entitlements; path = Bank_Tech.entitlements; sourceTree = "<group>"; };
		E456F5C52D0DA62E0058F6F0 /* Preview Assets.xcassets */ = {isa = PBXFileReference; lastKnownFileType = folder.assetcatalog; path = "Preview Assets.xcassets"; sourceTree = "<group>"; };
		E456F5CB2D0DA62F0058F6F0 /* Bank TechTests.xctest */ = {isa = PBXFileReference; explicitFileType = wrapper.cfbundle; includeInIndex = 0; path = "Bank TechTests.xctest"; sourceTree = BUILT_PRODUCTS_DIR; };
		E456F5CF2D0DA62F0058F6F0 /* Bank_TechTests.swift */ = {isa = PBXFileReference; lastKnownFileType = sourcecode.swift; path = Bank_TechTests.swift; sourceTree = "<group>"; };
		E456F5D52D0DA62F0058F6F0 /* Bank TechUITests.xctest */ = {isa = PBXFileReference; explicitFileType = wrapper.cfbundle; includeInIndex = 0; path = "Bank TechUITests.xctest"; sourceTree = BUILT_PRODUCTS_DIR; };
		E456F5D92D0DA62F0058F6F0 /* Bank_TechUITests.swift */ = {isa = PBXFileReference; lastKnownFileType = sourcecode.swift; path = Bank_TechUITests.swift; sourceTree = "<group>"; };
		E456F5DB2D0DA62F0058F6F0 /* Bank_TechUITestsLaunchTests.swift */ = {isa = PBXFileReference; lastKnownFileType = sourcecode.swift; path = Bank_TechUITestsLaunchTests.swift; sourceTree = "<group>"; };
/* End PBXFileReference section */

/* Begin PBXFrameworksBuildPhase section */
		E456F5B72D0DA62C0058F6F0 /* Frameworks */ = {
			isa = PBXFrameworksBuildPhase;
			buildActionMask = 2147483647;
			files = (
			);
			runOnlyForDeploymentPostprocessing = 0;
		};
		E456F5C82D0DA62F0058F6F0 /* Frameworks */ = {
			isa = PBXFrameworksBuildPhase;
			buildActionMask = 2147483647;
			files = (
			);
			runOnlyForDeploymentPostprocessing = 0;
		};
		E456F5D22D0DA62F0058F6F0 /* Frameworks */ = {
			isa = PBXFrameworksBuildPhase;
			buildActionMask = 2147483647;
			files = (
			);
			runOnlyForDeploymentPostprocessing = 0;
		};
/* End PBXFrameworksBuildPhase section */

/* Begin PBXGroup section */
		E456F5B12D0DA62C0058F6F0 = {
			isa = PBXGroup;
			children = (
				E456F5BC2D0DA62C0058F6F0 /* Bank Tech */,
				E456F5CE2D0DA62F0058F6F0 /* Bank TechTests */,
				E456F5D82D0DA62F0058F6F0 /* Bank TechUITests */,
				E456F5BB2D0DA62C0058F6F0 /* Products */,
			);
			sourceTree = "<group>";
		};
		E456F5BB2D0DA62C0058F6F0 /* Products */ = {
			isa = PBXGroup;
			children = (
				E456F5BA2D0DA62C0058F6F0 /* Bank Tech.app */,
				E456F5CB2D0DA62F0058F6F0 /* Bank TechTests.xctest */,
				E456F5D52D0DA62F0058F6F0 /* Bank TechUITests.xctest */,
			);
			name = Products;
			sourceTree = "<group>";
		};
		E456F5BC2D0DA62C0058F6F0 /* Bank Tech */ = {
			isa = PBXGroup;
			children = (
				E456F5BD2D0DA62C0058F6F0 /* Bank_TechApp.swift */,
				E456F5BF2D0DA62C0058F6F0 /* ContentView.swift */,
				E456F5C12D0DA62E0058F6F0 /* Assets.xcassets */,
				E456F5C32D0DA62E0058F6F0 /* Bank_Tech.entitlements */,
				E456F5C42D0DA62E0058F6F0 /* Preview Content */,
			);
			path = "Bank Tech";
			sourceTree = "<group>";
		};
		E456F5C42D0DA62E0058F6F0 /* Preview Content */ = {
			isa = PBXGroup;
			children = (
				E456F5C52D0DA62E0058F6F0 /* Preview Assets.xcassets */,
			);
			path = "Preview Content";
			sourceTree = "<group>";
		};
		E456F5CE2D0DA62F0058F6F0 /* Bank TechTests */ = {
			isa = PBXGroup;
			children = (
				E456F5CF2D0DA62F0058F6F0 /* Bank_TechTests.swift */,
			);
			path = "Bank TechTests";
			sourceTree = "<group>";
		};
		E456F5D82D0DA62F0058F6F0 /* Bank TechUITests */ = {
			isa = PBXGroup;
			children = (
				E456F5D92D0DA62F0058F6F0 /* Bank_TechUITests.swift */,
				E456F5DB2D0DA62F0058F6F0 /* Bank_TechUITestsLaunchTests.swift */,
			);
			path = "Bank TechUITests";
			sourceTree = "<group>";
		};
/* End PBXGroup section */

/* Begin PBXNativeTarget section */
		E456F5B92D0DA62C0058F6F0 /* Bank Tech */ = {
			isa = PBXNativeTarget;
			buildConfigurationList = E456F5DF2D0DA62F0058F6F0 /* Build configuration list for PBXNativeTarget "Bank Tech" */;
			buildPhases = (
				E456F5B62D0DA62C0058F6F0 /* Sources */,
				E456F5B72D0DA62C0058F6F0 /* Frameworks */,
				E456F5B82D0DA62C0058F6F0 /* Resources */,
			);
			buildRules = (
			);
			dependencies = (
			);
			name = "Bank Tech";
			productName = "Bank Tech";
			productReference = E456F5BA2D0DA62C0058F6F0 /* Bank Tech.app */;
			productType = "com.apple.product-type.application";
		};
		E456F5CA2D0DA62F0058F6F0 /* Bank TechTests */ = {
			isa = PBXNativeTarget;
			buildConfigurationList = E456F5E22D0DA62F0058F6F0 /* Build configuration list for PBXNativeTarget "Bank TechTests" */;
			buildPhases = (
				E456F5C72D0DA62F0058F6F0 /* Sources */,
				E456F5C82D0DA62F0058F6F0 /* Frameworks */,
				E456F5C92D0DA62F0058F6F0 /* Resources */,
			);
			buildRules = (
			);
			dependencies = (
				E456F5CD2D0DA62F0058F6F0 /* PBXTargetDependency */,
			);
			name = "Bank TechTests";
			productName = "Bank TechTests";
			productReference = E456F5CB2D0DA62F0058F6F0 /* Bank TechTests.xctest */;
			productType = "com.apple.product-type.bundle.unit-test";
		};
		E456F5D42D0DA62F0058F6F0 /* Bank TechUITests */ = {
			isa = PBXNativeTarget;
			buildConfigurationList = E456F5E52D0DA62F0058F6F0 /* Build configuration list for PBXNativeTarget "Bank TechUITests" */;
			buildPhases = (
				E456F5D12D0DA62F0058F6F0 /* Sources */,
				E456F5D22D0DA62F0058F6F0 /* Frameworks */,
				E456F5D32D0DA62F0058F6F0 /* Resources */,
			);
			buildRules = (
			);
			dependencies = (
				E456F5D72D0DA62F0058F6F0 /* PBXTargetDependency */,
			);
			name = "Bank TechUITests";
			productName = "Bank TechUITests";
			productReference = E456F5D52D0DA62F0058F6F0 /* Bank TechUITests.xctest */;
			productType = "com.apple.product-type.bundle.ui-testing";
		};
/* End PBXNativeTarget section */

/* Begin PBXProject section */
		E456F5B22D0DA62C0058F6F0 /* Project object */ = {
			isa = PBXProject;
			attributes = {
				BuildIndependentTargetsInParallel = 1;
				LastSwiftUpdateCheck = 1520;
				LastUpgradeCheck = 1520;
				TargetAttributes = {
					E456F5B92D0DA62C0058F6F0 = {
						CreatedOnToolsVersion = 15.2;
					};
					E456F5CA2D0DA62F0058F6F0 = {
						CreatedOnToolsVersion = 15.2;
						TestTargetID = E456F5B92D0DA62C0058F6F0;
					};
					E456F5D42D0DA62F0058F6F0 = {
						CreatedOnToolsVersion = 15.2;
						TestTargetID = E456F5B92D0DA62C0058F6F0;
					};
				};
			};
			buildConfigurationList = E456F5B52D0DA62C0058F6F0 /* Build configuration list for PBXProject "Bank Tech" */;
			compatibilityVersion = "Xcode 14.0";
			developmentRegion = en;
			hasScannedForEncodings = 0;
			knownRegions = (
				en,
				Base,
			);
			mainGroup = E456F5B12D0DA62C0058F6F0;
			productRefGroup = E456F5BB2D0DA62C0058F6F0 /* Products */;
			projectDirPath = "";
			projectRoot = "";
			targets = (
				E456F5B92D0DA62C0058F6F0 /* Bank Tech */,
				E456F5CA2D0DA62F0058F6F0 /* Bank TechTests */,
				E456F5D42D0DA62F0058F6F0 /* Bank TechUITests */,
			);
		};
/* End PBXProject section */

/* Begin PBXResourcesBuildPhase section */
		E456F5B82D0DA62C0058F6F0 /* Resources */ = {
			isa = PBXResourcesBuildPhase;
			buildActionMask = 2147483647;
			files = (
				E456F5C62D0DA62E0058F6F0 /* Preview Assets.xcassets in Resources */,
				E456F5C22D0DA62E0058F6F0 /* Assets.xcassets in Resources */,
			);
			runOnlyForDeploymentPostprocessing = 0;
		};
		E456F5C92D0DA62F0058F6F0 /* Resources */ = {
			isa = PBXResourcesBuildPhase;
			buildActionMask = 2147483647;
			files = (
			);
			runOnlyForDeploymentPostprocessing = 0;
		};
		E456F5D32D0DA62F0058F6F0 /* Resources */ = {
			isa = PBXResourcesBuildPhase;
			buildActionMask = 2147483647;
			files = (
			);
			runOnlyForDeploymentPostprocessing = 0;
		};
/* End PBXResourcesBuildPhase section */

/* Begin PBXSourcesBuildPhase section */
		E456F5B62D0DA62C0058F6F0 /* Sources */ = {
			isa = PBXSourcesBuildPhase;
			buildActionMask = 2147483647;
			files = (
				E456F5C02D0DA62C0058F6F0 /* ContentView.swift in Sources */,
				E456F5BE2D0DA62C0058F6F0 /* Bank_TechApp.swift in Sources */,
			);
			runOnlyForDeploymentPostprocessing = 0;
		};
		E456F5C72D0DA62F0058F6F0 /* Sources */ = {
			isa = PBXSourcesBuildPhase;
			buildActionMask = 2147483647;
			files = (
				E456F5D02D0DA62F0058F6F0 /* Bank_TechTests.swift in Sources */,
			);
			runOnlyForDeploymentPostprocessing = 0;
		};
		E456F5D12D0DA62F0058F6F0 /* Sources */ = {
			isa = PBXSourcesBuildPhase;
			buildActionMask = 2147483647;
			files = (
				E456F5DC2D0DA62F0058F6F0 /* Bank_TechUITestsLaunchTests.swift in Sources */,
				E456F5DA2D0DA62F0058F6F0 /* Bank_TechUITests.swift in Sources */,
			);
			runOnlyForDeploymentPostprocessing = 0;
		};
/* End PBXSourcesBuildPhase section */

/* Begin PBXTargetDependency section */
		E456F5CD2D0DA62F0058F6F0 /* PBXTargetDependency */ = {
			isa = PBXTargetDependency;
			target = E456F5B92D0DA62C0058F6F0 /* Bank Tech */;
			targetProxy = E456F5CC2D0DA62F0058F6F0 /* PBXContainerItemProxy */;
		};
		E456F5D72D0DA62F0058F6F0 /* PBXTargetDependency */ = {
			isa = PBXTargetDependency;
			target = E456F5B92D0DA62C0058F6F0 /* Bank Tech */;
			targetProxy = E456F5D62D0DA62F0058F6F0 /* PBXContainerItemProxy */;
		};
/* End PBXTargetDependency section */

/* Begin XCBuildConfiguration section */
		E456F5DD2D0DA62F0058F6F0 /* Debug */ = {
			isa = XCBuildConfiguration;
			buildSettings = {
				ALWAYS_SEARCH_USER_PATHS = NO;
				ASSETCATALOG_COMPILER_GENERATE_SWIFT_ASSET_SYMBOL_EXTENSIONS = YES;
				CLANG_ANALYZER_NONNULL = YES;
				CLANG_ANALYZER_NUMBER_OBJECT_CONVERSION = YES_AGGRESSIVE;
				CLANG_CXX_LANGUAGE_STANDARD = "gnu++20";
				CLANG_ENABLE_MODULES = YES;
				CLANG_ENABLE_OBJC_ARC = YES;
				CLANG_ENABLE_OBJC_WEAK = YES;
				CLANG_WARN_BLOCK_CAPTURE_AUTORELEASING = YES;
				CLANG_WARN_BOOL_CONVERSION = YES;
				CLANG_WARN_COMMA = YES;
				CLANG_WARN_CONSTANT_CONVERSION = YES;
				CLANG_WARN_DEPRECATED_OBJC_IMPLEMENTATIONS = YES;
				CLANG_WARN_DIRECT_OBJC_ISA_USAGE = YES_ERROR;
				CLANG_WARN_DOCUMENTATION_COMMENTS = YES;
				CLANG_WARN_EMPTY_BODY = YES;
				CLANG_WARN_ENUM_CONVERSION = YES;
				CLANG_WARN_INFINITE_RECURSION = YES;
				CLANG_WARN_INT_CONVERSION = YES;
				CLANG_WARN_NON_LITERAL_NULL_CONVERSION = YES;
				CLANG_WARN_OBJC_IMPLICIT_RETAIN_SELF = YES;
				CLANG_WARN_OBJC_LITERAL_CONVERSION = YES;
				CLANG_WARN_OBJC_ROOT_CLASS = YES_ERROR;
				CLANG_WARN_QUOTED_INCLUDE_IN_FRAMEWORK_HEADER = YES;
				CLANG_WARN_RANGE_LOOP_ANALYSIS = YES;
				CLANG_WARN_STRICT_PROTOTYPES = YES;
				CLANG_WARN_SUSPICIOUS_MOVE = YES;
				CLANG_WARN_UNGUARDED_AVAILABILITY = YES_AGGRESSIVE;
				CLANG_WARN_UNREACHABLE_CODE = YES;
				CLANG_WARN__DUPLICATE_METHOD_MATCH = YES;
				COPY_PHASE_STRIP = NO;
				DEBUG_INFORMATION_FORMAT = dwarf;
				ENABLE_STRICT_OBJC_MSGSEND = YES;
				ENABLE_TESTABILITY = YES;
				ENABLE_USER_SCRIPT_SANDBOXING = YES;
				GCC_C_LANGUAGE_STANDARD = gnu17;
				GCC_DYNAMIC_NO_PIC = NO;
				GCC_NO_COMMON_BLOCKS = YES;
				GCC_OPTIMIZATION_LEVEL = 0;
				GCC_PREPROCESSOR_DEFINITIONS = (
					"DEBUG=1",
					"$(inherited)",
				);
				GCC_WARN_64_TO_32_BIT_CONVERSION = YES;
				GCC_WARN_ABOUT_RETURN_TYPE = YES_ERROR;
				GCC_WARN_UNDECLARED_SELECTOR = YES;
				GCC_WARN_UNINITIALIZED_AUTOS = YES_AGGRESSIVE;
				GCC_WARN_UNUSED_FUNCTION = YES;
				GCC_WARN_UNUSED_VARIABLE = YES;
				LOCALIZATION_PREFERS_STRING_CATALOGS = YES;
				MTL_ENABLE_DEBUG_INFO = INCLUDE_SOURCE;
				MTL_FAST_MATH = YES;
				ONLY_ACTIVE_ARCH = YES;
				SWIFT_ACTIVE_COMPILATION_CONDITIONS = "DEBUG $(inherited)";
				SWIFT_OPTIMIZATION_LEVEL = "-Onone";
			};
			name = Debug;
		};
		E456F5DE2D0DA62F0058F6F0 /* Release */ = {
			isa = XCBuildConfiguration;
			buildSettings = {
				ALWAYS_SEARCH_USER_PATHS = NO;
				ASSETCATALOG_COMPILER_GENERATE_SWIFT_ASSET_SYMBOL_EXTENSIONS = YES;
				CLANG_ANALYZER_NONNULL = YES;
				CLANG_ANALYZER_NUMBER_OBJECT_CONVERSION = YES_AGGRESSIVE;
				CLANG_CXX_LANGUAGE_STANDARD = "gnu++20";
				CLANG_ENABLE_MODULES = YES;
				CLANG_ENABLE_OBJC_ARC = YES;
				CLANG_ENABLE_OBJC_WEAK = YES;
				CLANG_WARN_BLOCK_CAPTURE_AUTORELEASING = YES;
				CLANG_WARN_BOOL_CONVERSION = YES;
				CLANG_WARN_COMMA = YES;
				CLANG_WARN_CONSTANT_CONVERSION = YES;
				CLANG_WARN_DEPRECATED_OBJC_IMPLEMENTATIONS = YES;
				CLANG_WARN_DIRECT_OBJC_ISA_USAGE = YES_ERROR;
				CLANG_WARN_DOCUMENTATION_COMMENTS = YES;
				CLANG_WARN_EMPTY_BODY = YES;
				CLANG_WARN_ENUM_CONVERSION = YES;
				CLANG_WARN_INFINITE_RECURSION = YES;
				CLANG_WARN_INT_CONVERSION = YES;
				CLANG_WARN_NON_LITERAL_NULL_CONVERSION = YES;
				CLANG_WARN_OBJC_IMPLICIT_RETAIN_SELF = YES;
				CLANG_WARN_OBJC_LITERAL_CONVERSION = YES;
				CLANG_WARN_OBJC_ROOT_CLASS = YES_ERROR;
				CLANG_WARN_QUOTED_INCLUDE_IN_FRAMEWORK_HEADER = YES;
				CLANG_WARN_RANGE_LOOP_ANALYSIS = YES;
				CLANG_WARN_STRICT_PROTOTYPES = YES;
				CLANG_WARN_SUSPICIOUS_MOVE = YES;
				CLANG_WARN_UNGUARDED_AVAILABILITY = YES_AGGRESSIVE;
				CLANG_WARN_UNREACHABLE_CODE = YES;
				CLANG_WARN__DUPLICATE_METHOD_MATCH = YES;
				COPY_PHASE_STRIP = NO;
				DEBUG_INFORMATION_FORMAT = "dwarf-with-dsym";
				ENABLE_NS_ASSERTIONS = NO;
				ENABLE_STRICT_OBJC_MSGSEND = YES;
				ENABLE_USER_SCRIPT_SANDBOXING = YES;
				GCC_C_LANGUAGE_STANDARD = gnu17;
				GCC_NO_COMMON_BLOCKS = YES;
				GCC_WARN_64_TO_32_BIT_CONVERSION = YES;
				GCC_WARN_ABOUT_RETURN_TYPE = YES_ERROR;
				GCC_WARN_UNDECLARED_SELECTOR = YES;
				GCC_WARN_UNINITIALIZED_AUTOS = YES_AGGRESSIVE;
				GCC_WARN_UNUSED_FUNCTION = YES;
				GCC_WARN_UNUSED_VARIABLE = YES;
				LOCALIZATION_PREFERS_STRING_CATALOGS = YES;
				MTL_ENABLE_DEBUG_INFO = NO;
				MTL_FAST_MATH = YES;
				SWIFT_COMPILATION_MODE = wholemodule;
			};
			name = Release;
		};
		E456F5E02D0DA62F0058F6F0 /* Debug */ = {
			isa = XCBuildConfiguration;
			buildSettings = {
				ASSETCATALOG_COMPILER_APPICON_NAME = AppIcon;
				ASSETCATALOG_COMPILER_GLOBAL_ACCENT_COLOR_NAME = AccentColor;
				CODE_SIGN_ENTITLEMENTS = "Bank Tech/Bank_Tech.entitlements";
				CODE_SIGN_STYLE = Automatic;
				CURRENT_PROJECT_VERSION = 1;
				DEVELOPMENT_ASSET_PATHS = "\"Bank Tech/Preview Content\"";
				DEVELOPMENT_TEAM = 95MM2PH5X4;
				ENABLE_HARDENED_RUNTIME = YES;
				ENABLE_PREVIEWS = YES;
				GENERATE_INFOPLIST_FILE = YES;
				"INFOPLIST_KEY_UIApplicationSceneManifest_Generation[sdk=iphoneos*]" = YES;
				"INFOPLIST_KEY_UIApplicationSceneManifest_Generation[sdk=iphonesimulator*]" = YES;
				"INFOPLIST_KEY_UIApplicationSupportsIndirectInputEvents[sdk=iphoneos*]" = YES;
				"INFOPLIST_KEY_UIApplicationSupportsIndirectInputEvents[sdk=iphonesimulator*]" = YES;
				"INFOPLIST_KEY_UILaunchScreen_Generation[sdk=iphoneos*]" = YES;
				"INFOPLIST_KEY_UILaunchScreen_Generation[sdk=iphonesimulator*]" = YES;
				"INFOPLIST_KEY_UIStatusBarStyle[sdk=iphoneos*]" = UIStatusBarStyleDefault;
				"INFOPLIST_KEY_UIStatusBarStyle[sdk=iphonesimulator*]" = UIStatusBarStyleDefault;
				INFOPLIST_KEY_UISupportedInterfaceOrientations_iPad = "UIInterfaceOrientationPortrait UIInterfaceOrientationPortraitUpsideDown UIInterfaceOrientationLandscapeLeft UIInterfaceOrientationLandscapeRight";
				INFOPLIST_KEY_UISupportedInterfaceOrientations_iPhone = "UIInterfaceOrientationPortrait UIInterfaceOrientationLandscapeLeft UIInterfaceOrientationLandscapeRight";
				IPHONEOS_DEPLOYMENT_TARGET = 17.2;
				LD_RUNPATH_SEARCH_PATHS = "@executable_path/Frameworks";
				"LD_RUNPATH_SEARCH_PATHS[sdk=macosx*]" = "@executable_path/../Frameworks";
				MACOSX_DEPLOYMENT_TARGET = 14.2;
				MARKETING_VERSION = 1.0;
				PRODUCT_BUNDLE_IDENTIFIER = "com.maher.BankTeck.Bank-Tech";
				PRODUCT_NAME = "$(TARGET_NAME)";
				SDKROOT = auto;
				SUPPORTED_PLATFORMS = "iphoneos iphonesimulator macosx";
				SWIFT_EMIT_LOC_STRINGS = YES;
				SWIFT_VERSION = 5.0;
				TARGETED_DEVICE_FAMILY = "1,2";
			};
			name = Debug;
		};
		E456F5E12D0DA62F0058F6F0 /* Release */ = {
			isa = XCBuildConfiguration;
			buildSettings = {
				ASSETCATALOG_COMPILER_APPICON_NAME = AppIcon;
				ASSETCATALOG_COMPILER_GLOBAL_ACCENT_COLOR_NAME = AccentColor;
				CODE_SIGN_ENTITLEMENTS = "Bank Tech/Bank_Tech.entitlements";
				CODE_SIGN_STYLE = Automatic;
				CURRENT_PROJECT_VERSION = 1;
				DEVELOPMENT_ASSET_PATHS = "\"Bank Tech/Preview Content\"";
				DEVELOPMENT_TEAM = 95MM2PH5X4;
				ENABLE_HARDENED_RUNTIME = YES;
				ENABLE_PREVIEWS = YES;
				GENERATE_INFOPLIST_FILE = YES;
				"INFOPLIST_KEY_UIApplicationSceneManifest_Generation[sdk=iphoneos*]" = YES;
				"INFOPLIST_KEY_UIApplicationSceneManifest_Generation[sdk=iphonesimulator*]" = YES;
				"INFOPLIST_KEY_UIApplicationSupportsIndirectInputEvents[sdk=iphoneos*]" = YES;
				"INFOPLIST_KEY_UIApplicationSupportsIndirectInputEvents[sdk=iphonesimulator*]" = YES;
				"INFOPLIST_KEY_UILaunchScreen_Generation[sdk=iphoneos*]" = YES;
				"INFOPLIST_KEY_UILaunchScreen_Generation[sdk=iphonesimulator*]" = YES;
				"INFOPLIST_KEY_UIStatusBarStyle[sdk=iphoneos*]" = UIStatusBarStyleDefault;
				"INFOPLIST_KEY_UIStatusBarStyle[sdk=iphonesimulator*]" = UIStatusBarStyleDefault;
				INFOPLIST_KEY_UISupportedInterfaceOrientations_iPad = "UIInterfaceOrientationPortrait UIInterfaceOrientationPortraitUpsideDown UIInterfaceOrientationLandscapeLeft UIInterfaceOrientationLandscapeRight";
				INFOPLIST_KEY_UISupportedInterfaceOrientations_iPhone = "UIInterfaceOrientationPortrait UIInterfaceOrientationLandscapeLeft UIInterfaceOrientationLandscapeRight";
				IPHONEOS_DEPLOYMENT_TARGET = 17.2;
				LD_RUNPATH_SEARCH_PATHS = "@executable_path/Frameworks";
				"LD_RUNPATH_SEARCH_PATHS[sdk=macosx*]" = "@executable_path/../Frameworks";
				MACOSX_DEPLOYMENT_TARGET = 14.2;
				MARKETING_VERSION = 1.0;
				PRODUCT_BUNDLE_IDENTIFIER = "com.maher.BankTeck.Bank-Tech";
				PRODUCT_NAME = "$(TARGET_NAME)";
				SDKROOT = auto;
				SUPPORTED_PLATFORMS = "iphoneos iphonesimulator macosx";
				SWIFT_EMIT_LOC_STRINGS = YES;
				SWIFT_VERSION = 5.0;
				TARGETED_DEVICE_FAMILY = "1,2";
			};
			name = Release;
		};
		E456F5E32D0DA62F0058F6F0 /* Debug */ = {
			isa = XCBuildConfiguration;
			buildSettings = {
				ALWAYS_EMBED_SWIFT_STANDARD_LIBRARIES = YES;
				BUNDLE_LOADER = "$(TEST_HOST)";
				CODE_SIGN_STYLE = Automatic;
				CURRENT_PROJECT_VERSION = 1;
				DEVELOPMENT_TEAM = 95MM2PH5X4;
				GENERATE_INFOPLIST_FILE = YES;
				IPHONEOS_DEPLOYMENT_TARGET = 17.2;
				MACOSX_DEPLOYMENT_TARGET = 14.2;
				MARKETING_VERSION = 1.0;
				PRODUCT_BUNDLE_IDENTIFIER = "com.maher.BankTeck.Bank-TechTests";
				PRODUCT_NAME = "$(TARGET_NAME)";
				SDKROOT = auto;
				SUPPORTED_PLATFORMS = "iphoneos iphonesimulator macosx";
				SWIFT_EMIT_LOC_STRINGS = NO;
				SWIFT_VERSION = 5.0;
				TARGETED_DEVICE_FAMILY = "1,2";
				TEST_HOST = "$(BUILT_PRODUCTS_DIR)/Bank Tech.app/$(BUNDLE_EXECUTABLE_FOLDER_PATH)/Bank Tech";
			};
			name = Debug;
		};
		E456F5E42D0DA62F0058F6F0 /* Release */ = {
			isa = XCBuildConfiguration;
			buildSettings = {
				ALWAYS_EMBED_SWIFT_STANDARD_LIBRARIES = YES;
				BUNDLE_LOADER = "$(TEST_HOST)";
				CODE_SIGN_STYLE = Automatic;
				CURRENT_PROJECT_VERSION = 1;
				DEVELOPMENT_TEAM = 95MM2PH5X4;
				GENERATE_INFOPLIST_FILE = YES;
				IPHONEOS_DEPLOYMENT_TARGET = 17.2;
				MACOSX_DEPLOYMENT_TARGET = 14.2;
				MARKETING_VERSION = 1.0;
				PRODUCT_BUNDLE_IDENTIFIER = "com.maher.BankTeck.Bank-TechTests";
				PRODUCT_NAME = "$(TARGET_NAME)";
				SDKROOT = auto;
				SUPPORTED_PLATFORMS = "iphoneos iphonesimulator macosx";
				SWIFT_EMIT_LOC_STRINGS = NO;
				SWIFT_VERSION = 5.0;
				TARGETED_DEVICE_FAMILY = "1,2";
				TEST_HOST = "$(BUILT_PRODUCTS_DIR)/Bank Tech.app/$(BUNDLE_EXECUTABLE_FOLDER_PATH)/Bank Tech";
			};
			name = Release;
		};
		E456F5E62D0DA62F0058F6F0 /* Debug */ = {
			isa = XCBuildConfiguration;
			buildSettings = {
				ALWAYS_EMBED_SWIFT_STANDARD_LIBRARIES = YES;
				CODE_SIGN_STYLE = Automatic;
				CURRENT_PROJECT_VERSION = 1;
				DEVELOPMENT_TEAM = 95MM2PH5X4;
				GENERATE_INFOPLIST_FILE = YES;
				IPHONEOS_DEPLOYMENT_TARGET = 17.2;
				MACOSX_DEPLOYMENT_TARGET = 14.2;
				MARKETING_VERSION = 1.0;
				PRODUCT_BUNDLE_IDENTIFIER = "com.maher.BankTeck.Bank-TechUITests";
				PRODUCT_NAME = "$(TARGET_NAME)";
				SDKROOT = auto;
				SUPPORTED_PLATFORMS = "iphoneos iphonesimulator macosx";
				SWIFT_EMIT_LOC_STRINGS = NO;
				SWIFT_VERSION = 5.0;
				TARGETED_DEVICE_FAMILY = "1,2";
				TEST_TARGET_NAME = "Bank Tech";
			};
			name = Debug;
		};
		E456F5E72D0DA62F0058F6F0 /* Release */ = {
			isa = XCBuildConfiguration;
			buildSettings = {
				ALWAYS_EMBED_SWIFT_STANDARD_LIBRARIES = YES;
				CODE_SIGN_STYLE = Automatic;
				CURRENT_PROJECT_VERSION = 1;
				DEVELOPMENT_TEAM = 95MM2PH5X4;
				GENERATE_INFOPLIST_FILE = YES;
				IPHONEOS_DEPLOYMENT_TARGET = 17.2;
				MACOSX_DEPLOYMENT_TARGET = 14.2;
				MARKETING_VERSION = 1.0;
				PRODUCT_BUNDLE_IDENTIFIER = "com.maher.BankTeck.Bank-TechUITests";
				PRODUCT_NAME = "$(TARGET_NAME)";
				SDKROOT = auto;
				SUPPORTED_PLATFORMS = "iphoneos iphonesimulator macosx";
				SWIFT_EMIT_LOC_STRINGS = NO;
				SWIFT_VERSION = 5.0;
				TARGETED_DEVICE_FAMILY = "1,2";
				TEST_TARGET_NAME = "Bank Tech";
			};
			name = Release;
		};
/* End XCBuildConfiguration section */

/* Begin XCConfigurationList section */
		E456F5B52D0DA62C0058F6F0 /* Build configuration list for PBXProject "Bank Tech" */ = {
			isa = XCConfigurationList;
			buildConfigurations = (
				E456F5DD2D0DA62F0058F6F0 /* Debug */,
				E456F5DE2D0DA62F0058F6F0 /* Release */,
			);
			defaultConfigurationIsVisible = 0;
			defaultConfigurationName = Release;
		};
		E456F5DF2D0DA62F0058F6F0 /* Build configuration list for PBXNativeTarget "Bank Tech" */ = {
			isa = XCConfigurationList;
			buildConfigurations = (
				E456F5E02D0DA62F0058F6F0 /* Debug */,
				E456F5E12D0DA62F0058F6F0 /* Release */,
			);
			defaultConfigurationIsVisible = 0;
			defaultConfigurationName = Release;
		};
		E456F5E22D0DA62F0058F6F0 /* Build configuration list for PBXNativeTarget "Bank TechTests" */ = {
			isa = XCConfigurationList;
			buildConfigurations = (
				E456F5E32D0DA62F0058F6F0 /* Debug */,
				E456F5E42D0DA62F0058F6F0 /* Release */,
			);
			defaultConfigurationIsVisible = 0;
			defaultConfigurationName = Release;
		};
		E456F5E52D0DA62F0058F6F0 /* Build configuration list for PBXNativeTarget "Bank TechUITests" */ = {
			isa = XCConfigurationList;
			buildConfigurations = (
				E456F5E62D0DA62F0058F6F0 /* Debug */,
				E456F5E72D0DA62F0058F6F0 /* Release */,
			);
			defaultConfigurationIsVisible = 0;
			defaultConfigurationName = Release;
		};
/* End XCConfigurationList section */
	};
	rootObject = E456F5B22D0DA62C0058F6F0 /* Project object */;
}
